// !$*UTF8*$!
{
	archiveVersion = 1;
	classes = {
	};
	objectVersion = 51;
	objects = {

/* Begin PBXBuildFile section */
		7F0F9D51245E720A0023D24A /* NewsHeaderViewModel.swift in Sources */ = {isa = PBXBuildFile; fileRef = 7F0F9D50245E720A0023D24A /* NewsHeaderViewModel.swift */; };
		7F0F9D55245E92540023D24A /* ENewsArticlesRepsonses.swift in Sources */ = {isa = PBXBuildFile; fileRef = 7F0F9D54245E92540023D24A /* ENewsArticlesRepsonses.swift */; };
		7F1F6CDD240EF7F300B23C4B /* AppDelegate.swift in Sources */ = {isa = PBXBuildFile; fileRef = 7F1F6CDC240EF7F300B23C4B /* AppDelegate.swift */; };
		7F1F6CDF240EF7F300B23C4B /* SceneDelegate.swift in Sources */ = {isa = PBXBuildFile; fileRef = 7F1F6CDE240EF7F300B23C4B /* SceneDelegate.swift */; };
		7F1F6CE1240EF7F300B23C4B /* TabBarController.swift in Sources */ = {isa = PBXBuildFile; fileRef = 7F1F6CE0240EF7F300B23C4B /* TabBarController.swift */; };
		7F1F6CE6240EF7F600B23C4B /* Assets.xcassets in Resources */ = {isa = PBXBuildFile; fileRef = 7F1F6CE5240EF7F600B23C4B /* Assets.xcassets */; };
		7F1F6CE9240EF7F600B23C4B /* LaunchScreen.storyboard in Resources */ = {isa = PBXBuildFile; fileRef = 7F1F6CE7240EF7F600B23C4B /* LaunchScreen.storyboard */; };
		7F1F6CF2240EF90900B23C4B /* FeaturedCategoryController.swift in Sources */ = {isa = PBXBuildFile; fileRef = 7F1F6CF1240EF90900B23C4B /* FeaturedCategoryController.swift */; };
		7F1F6CF4240EF93A00B23C4B /* SearchNewsController.swift in Sources */ = {isa = PBXBuildFile; fileRef = 7F1F6CF3240EF93A00B23C4B /* SearchNewsController.swift */; };
		7F2E9DCC241D64980039F6C0 /* HealthCategoryController.swift in Sources */ = {isa = PBXBuildFile; fileRef = 7F2E9DCB241D64980039F6C0 /* HealthCategoryController.swift */; };
		7F2E9DCE241D64E80039F6C0 /* SportsCategoryController.swift in Sources */ = {isa = PBXBuildFile; fileRef = 7F2E9DCD241D64E80039F6C0 /* SportsCategoryController.swift */; };
		7F2E9DD0241D65080039F6C0 /* BusinessCategoryController.swift in Sources */ = {isa = PBXBuildFile; fileRef = 7F2E9DCF241D65080039F6C0 /* BusinessCategoryController.swift */; };
		7F2E9DD2241D65260039F6C0 /* TechnologyCategoryController.swift in Sources */ = {isa = PBXBuildFile; fileRef = 7F2E9DD1241D65260039F6C0 /* TechnologyCategoryController.swift */; };
		7F2E9DD4241D654A0039F6C0 /* ScienceCategoryController.swift in Sources */ = {isa = PBXBuildFile; fileRef = 7F2E9DD3241D654A0039F6C0 /* ScienceCategoryController.swift */; };
		7F2E9DD6241D657B0039F6C0 /* EntertainmentCategoryController.swift in Sources */ = {isa = PBXBuildFile; fileRef = 7F2E9DD5241D657B0039F6C0 /* EntertainmentCategoryController.swift */; };
		7F42DD032412E5720002D2DE /* THRequest.swift in Sources */ = {isa = PBXBuildFile; fileRef = 7F42DD022412E5720002D2DE /* THRequest.swift */; };
		7F42DD072412E5990002D2DE /* THSourceModel.swift in Sources */ = {isa = PBXBuildFile; fileRef = 7F42DD042412E5990002D2DE /* THSourceModel.swift */; };
		7F42DD082412E5990002D2DE /* THArticleModel.swift in Sources */ = {isa = PBXBuildFile; fileRef = 7F42DD052412E5990002D2DE /* THArticleModel.swift */; };
		7F42DD092412E5990002D2DE /* THNewsModel.swift in Sources */ = {isa = PBXBuildFile; fileRef = 7F42DD062412E5990002D2DE /* THNewsModel.swift */; };
		7F42DD112412E5E40002D2DE /* NewsService.swift in Sources */ = {isa = PBXBuildFile; fileRef = 7F42DD0E2412E5E40002D2DE /* NewsService.swift */; };
		7F42DD132412E5E40002D2DE /* EndPointType.swift in Sources */ = {isa = PBXBuildFile; fileRef = 7F42DD102412E5E40002D2DE /* EndPointType.swift */; };
		7F48A6F12463660F001F55C7 /* ActivityIndicator.swift in Sources */ = {isa = PBXBuildFile; fileRef = 7F48A6F02463660F001F55C7 /* ActivityIndicator.swift */; };
		7F5177F1242DF7DD009AA333 /* UIHelper.swift in Sources */ = {isa = PBXBuildFile; fileRef = 7F5177F0242DF7DD009AA333 /* UIHelper.swift */; };
		7F5177F4242DFA1C009AA333 /* SearchCell.swift in Sources */ = {isa = PBXBuildFile; fileRef = 7F5177F3242DFA1C009AA333 /* SearchCell.swift */; };
		7F5177FA242E2515009AA333 /* ESourceModel.swift in Sources */ = {isa = PBXBuildFile; fileRef = 7F5177F9242E2515009AA333 /* ESourceModel.swift */; };
		7F5177FB242E2515009AA333 /* EArticleModel.swift in Sources */ = {isa = PBXBuildFile; fileRef = 7F5177F8242E2515009AA333 /* EArticleModel.swift */; };
		7F5177FC242E2515009AA333 /* ENewsModel.swift in Sources */ = {isa = PBXBuildFile; fileRef = 7F5177F7242E2515009AA333 /* ENewsModel.swift */; };
		7F5177FE242E2525009AA333 /* ERequest.swift in Sources */ = {isa = PBXBuildFile; fileRef = 7F5177FD242E2525009AA333 /* ERequest.swift */; };
		7F5213CE2432AE1800D38137 /* SideMenuController.swift in Sources */ = {isa = PBXBuildFile; fileRef = 7F5213CD2432AE1800D38137 /* SideMenuController.swift */; };
		7F5213D02432B44A00D38137 /* ContainerController.swift in Sources */ = {isa = PBXBuildFile; fileRef = 7F5213CF2432B44A00D38137 /* ContainerController.swift */; };
		7F5213D22432BB4E00D38137 /* Protocols.swift in Sources */ = {isa = PBXBuildFile; fileRef = 7F5213D12432BB4E00D38137 /* Protocols.swift */; };
		7F5382EE24567BA0009A54CF /* NewsViewModel.swift in Sources */ = {isa = PBXBuildFile; fileRef = 7F5382ED24567BA0009A54CF /* NewsViewModel.swift */; };
		7F5382F224567CC4009A54CF /* EverythingPresentation.swift in Sources */ = {isa = PBXBuildFile; fileRef = 7F5382F124567CC4009A54CF /* EverythingPresentation.swift */; };
		7F5382F424568071009A54CF /* TopHeadlinePresentation.swift in Sources */ = {isa = PBXBuildFile; fileRef = 7F5382F324568071009A54CF /* TopHeadlinePresentation.swift */; };
		7F55F49124143AEB0027ADAC /* SectionsHeaderController.swift in Sources */ = {isa = PBXBuildFile; fileRef = 7F55F49024143AEB0027ADAC /* SectionsHeaderController.swift */; };
		7F55F49324143B7C0027ADAC /* SectionsHeaderCell.swift in Sources */ = {isa = PBXBuildFile; fileRef = 7F55F49224143B7C0027ADAC /* SectionsHeaderCell.swift */; };
		7F55F49524143BC40027ADAC /* SectionsCell.swift in Sources */ = {isa = PBXBuildFile; fileRef = 7F55F49424143BC40027ADAC /* SectionsCell.swift */; };
		7F55F49724143E4F0027ADAC /* SectionsPageHeader.swift in Sources */ = {isa = PBXBuildFile; fileRef = 7F55F49624143E4F0027ADAC /* SectionsPageHeader.swift */; };
		7F55F49924143F2E0027ADAC /* BaseListController.swift in Sources */ = {isa = PBXBuildFile; fileRef = 7F55F49824143F2E0027ADAC /* BaseListController.swift */; };
		7F55F49E241440A60027ADAC /* Extensions.swift in Sources */ = {isa = PBXBuildFile; fileRef = 7F55F49B241440A60027ADAC /* Extensions.swift */; };
		7F55F4A324144E050027ADAC /* String + Ext.swift in Sources */ = {isa = PBXBuildFile; fileRef = 7F55F4A124144E050027ADAC /* String + Ext.swift */; };
		7F55F4A424144E050027ADAC /* Date+Ext.swift in Sources */ = {isa = PBXBuildFile; fileRef = 7F55F4A224144E050027ADAC /* Date+Ext.swift */; };
		7F5778DA2434F64600012A9E /* SideMenuCell.swift in Sources */ = {isa = PBXBuildFile; fileRef = 7F5778D92434F64600012A9E /* SideMenuCell.swift */; };
		7F5778DE243500D700012A9E /* Sources.swift in Sources */ = {isa = PBXBuildFile; fileRef = 7F5778DC243500D700012A9E /* Sources.swift */; };
		7F5778DF243500D700012A9E /* SourcesModel.swift in Sources */ = {isa = PBXBuildFile; fileRef = 7F5778DD243500D700012A9E /* SourcesModel.swift */; };
		7F5778E12435017400012A9E /* SRequest.swift in Sources */ = {isa = PBXBuildFile; fileRef = 7F5778E02435017400012A9E /* SRequest.swift */; };
		7F5778E324352A3D00012A9E /* ExpandedSources.swift in Sources */ = {isa = PBXBuildFile; fileRef = 7F5778E224352A3D00012A9E /* ExpandedSources.swift */; };
		7F5F6C47243A77C500CFBB99 /* SourcesViewController.swift in Sources */ = {isa = PBXBuildFile; fileRef = 7F5F6C46243A77C500CFBB99 /* SourcesViewController.swift */; };
		7F6044EC2438CAAE00883085 /* NewsViewController.swift in Sources */ = {isa = PBXBuildFile; fileRef = 7F6044EB2438CAAE00883085 /* NewsViewController.swift */; };
		7F6044EF2438CEA800883085 /* NewsPageHeader.swift in Sources */ = {isa = PBXBuildFile; fileRef = 7F6044EE2438CEA800883085 /* NewsPageHeader.swift */; };
		7F6044F12438CEBE00883085 /* NewsHeaderController.swift in Sources */ = {isa = PBXBuildFile; fileRef = 7F6044F02438CEBE00883085 /* NewsHeaderController.swift */; };
		7F6044F324390CB300883085 /* CategoriesViewController.swift in Sources */ = {isa = PBXBuildFile; fileRef = 7F6044F224390CB300883085 /* CategoriesViewController.swift */; };
		7F6044F524390E8300883085 /* CategoriesCell.swift in Sources */ = {isa = PBXBuildFile; fileRef = 7F6044F424390E8300883085 /* CategoriesCell.swift */; };
		7F64AA58243B78C00005A967 /* Constants.swift in Sources */ = {isa = PBXBuildFile; fileRef = 7F64AA57243B78C00005A967 /* Constants.swift */; };
		7F6713902466C72D00C565BB /* FeaturedViewModel.swift in Sources */ = {isa = PBXBuildFile; fileRef = 7F67138F2466C72D00C565BB /* FeaturedViewModel.swift */; };
		7F6713982466E8DE00C565BB /* BusinessViewModel.swift in Sources */ = {isa = PBXBuildFile; fileRef = 7F6713972466E8DE00C565BB /* BusinessViewModel.swift */; };
		7F67139A2466ED4500C565BB /* SectionsViewModelType.swift in Sources */ = {isa = PBXBuildFile; fileRef = 7F6713992466ED4500C565BB /* SectionsViewModelType.swift */; };
		7F67139C2466ED9600C565BB /* SportsViewModel.swift in Sources */ = {isa = PBXBuildFile; fileRef = 7F67139B2466ED9600C565BB /* SportsViewModel.swift */; };
		7F67139E2466EDDD00C565BB /* TechnologyViewModel.swift in Sources */ = {isa = PBXBuildFile; fileRef = 7F67139D2466EDDD00C565BB /* TechnologyViewModel.swift */; };
		7F6713A02466EE1500C565BB /* ScienceViewModel.swift in Sources */ = {isa = PBXBuildFile; fileRef = 7F67139F2466EE1500C565BB /* ScienceViewModel.swift */; };
		7F6713A22466EE4C00C565BB /* EntertainmentViewModel.swift in Sources */ = {isa = PBXBuildFile; fileRef = 7F6713A12466EE4C00C565BB /* EntertainmentViewModel.swift */; };
		7F6713A42466EE7C00C565BB /* HealthViewModel.swift in Sources */ = {isa = PBXBuildFile; fileRef = 7F6713A32466EE7C00C565BB /* HealthViewModel.swift */; };
		7F6713A62466FF0000C565BB /* CategoriesViewModel.swift in Sources */ = {isa = PBXBuildFile; fileRef = 7F6713A52466FF0000C565BB /* CategoriesViewModel.swift */; };
		840B1988B5C7E9CF2B8B06DC /* Pods_DailyNews.framework in Frameworks */ = {isa = PBXBuildFile; fileRef = 823007898313925D3D27C3A9 /* Pods_DailyNews.framework */; };
/* End PBXBuildFile section */

/* Begin PBXFileReference section */
		7F0F9D50245E720A0023D24A /* NewsHeaderViewModel.swift */ = {isa = PBXFileReference; lastKnownFileType = sourcecode.swift; path = NewsHeaderViewModel.swift; sourceTree = "<group>"; };
		7F0F9D54245E92540023D24A /* ENewsArticlesRepsonses.swift */ = {isa = PBXFileReference; lastKnownFileType = sourcecode.swift; path = ENewsArticlesRepsonses.swift; sourceTree = "<group>"; };
		7F1F6CD9240EF7F300B23C4B /* DailyNews.app */ = {isa = PBXFileReference; explicitFileType = wrapper.application; includeInIndex = 0; path = DailyNews.app; sourceTree = BUILT_PRODUCTS_DIR; };
		7F1F6CDC240EF7F300B23C4B /* AppDelegate.swift */ = {isa = PBXFileReference; lastKnownFileType = sourcecode.swift; path = AppDelegate.swift; sourceTree = "<group>"; };
		7F1F6CDE240EF7F300B23C4B /* SceneDelegate.swift */ = {isa = PBXFileReference; lastKnownFileType = sourcecode.swift; path = SceneDelegate.swift; sourceTree = "<group>"; };
		7F1F6CE0240EF7F300B23C4B /* TabBarController.swift */ = {isa = PBXFileReference; lastKnownFileType = sourcecode.swift; path = TabBarController.swift; sourceTree = "<group>"; };
		7F1F6CE5240EF7F600B23C4B /* Assets.xcassets */ = {isa = PBXFileReference; lastKnownFileType = folder.assetcatalog; path = Assets.xcassets; sourceTree = "<group>"; };
		7F1F6CE8240EF7F600B23C4B /* Base */ = {isa = PBXFileReference; lastKnownFileType = file.storyboard; name = Base; path = Base.lproj/LaunchScreen.storyboard; sourceTree = "<group>"; };
		7F1F6CEA240EF7F600B23C4B /* Info.plist */ = {isa = PBXFileReference; lastKnownFileType = text.plist.xml; path = Info.plist; sourceTree = "<group>"; };
		7F1F6CF1240EF90900B23C4B /* FeaturedCategoryController.swift */ = {isa = PBXFileReference; lastKnownFileType = sourcecode.swift; path = FeaturedCategoryController.swift; sourceTree = "<group>"; };
		7F1F6CF3240EF93A00B23C4B /* SearchNewsController.swift */ = {isa = PBXFileReference; lastKnownFileType = sourcecode.swift; path = SearchNewsController.swift; sourceTree = "<group>"; };
		7F2E9DCB241D64980039F6C0 /* HealthCategoryController.swift */ = {isa = PBXFileReference; lastKnownFileType = sourcecode.swift; path = HealthCategoryController.swift; sourceTree = "<group>"; };
		7F2E9DCD241D64E80039F6C0 /* SportsCategoryController.swift */ = {isa = PBXFileReference; lastKnownFileType = sourcecode.swift; path = SportsCategoryController.swift; sourceTree = "<group>"; };
		7F2E9DCF241D65080039F6C0 /* BusinessCategoryController.swift */ = {isa = PBXFileReference; lastKnownFileType = sourcecode.swift; path = BusinessCategoryController.swift; sourceTree = "<group>"; };
		7F2E9DD1241D65260039F6C0 /* TechnologyCategoryController.swift */ = {isa = PBXFileReference; lastKnownFileType = sourcecode.swift; path = TechnologyCategoryController.swift; sourceTree = "<group>"; };
		7F2E9DD3241D654A0039F6C0 /* ScienceCategoryController.swift */ = {isa = PBXFileReference; lastKnownFileType = sourcecode.swift; path = ScienceCategoryController.swift; sourceTree = "<group>"; };
		7F2E9DD5241D657B0039F6C0 /* EntertainmentCategoryController.swift */ = {isa = PBXFileReference; lastKnownFileType = sourcecode.swift; path = EntertainmentCategoryController.swift; sourceTree = "<group>"; };
		7F42DD022412E5720002D2DE /* THRequest.swift */ = {isa = PBXFileReference; fileEncoding = 4; lastKnownFileType = sourcecode.swift; path = THRequest.swift; sourceTree = "<group>"; };
		7F42DD042412E5990002D2DE /* THSourceModel.swift */ = {isa = PBXFileReference; fileEncoding = 4; lastKnownFileType = sourcecode.swift; path = THSourceModel.swift; sourceTree = "<group>"; };
		7F42DD052412E5990002D2DE /* THArticleModel.swift */ = {isa = PBXFileReference; fileEncoding = 4; lastKnownFileType = sourcecode.swift; path = THArticleModel.swift; sourceTree = "<group>"; };
		7F42DD062412E5990002D2DE /* THNewsModel.swift */ = {isa = PBXFileReference; fileEncoding = 4; lastKnownFileType = sourcecode.swift; path = THNewsModel.swift; sourceTree = "<group>"; };
		7F42DD0E2412E5E40002D2DE /* NewsService.swift */ = {isa = PBXFileReference; fileEncoding = 4; lastKnownFileType = sourcecode.swift; path = NewsService.swift; sourceTree = "<group>"; };
		7F42DD102412E5E40002D2DE /* EndPointType.swift */ = {isa = PBXFileReference; fileEncoding = 4; lastKnownFileType = sourcecode.swift; path = EndPointType.swift; sourceTree = "<group>"; };
		7F48A6F02463660F001F55C7 /* ActivityIndicator.swift */ = {isa = PBXFileReference; lastKnownFileType = sourcecode.swift; path = ActivityIndicator.swift; sourceTree = "<group>"; };
		7F5177F0242DF7DD009AA333 /* UIHelper.swift */ = {isa = PBXFileReference; lastKnownFileType = sourcecode.swift; path = UIHelper.swift; sourceTree = "<group>"; };
		7F5177F3242DFA1C009AA333 /* SearchCell.swift */ = {isa = PBXFileReference; lastKnownFileType = sourcecode.swift; path = SearchCell.swift; sourceTree = "<group>"; };
		7F5177F7242E2515009AA333 /* ENewsModel.swift */ = {isa = PBXFileReference; lastKnownFileType = sourcecode.swift; path = ENewsModel.swift; sourceTree = "<group>"; };
		7F5177F8242E2515009AA333 /* EArticleModel.swift */ = {isa = PBXFileReference; lastKnownFileType = sourcecode.swift; path = EArticleModel.swift; sourceTree = "<group>"; };
		7F5177F9242E2515009AA333 /* ESourceModel.swift */ = {isa = PBXFileReference; lastKnownFileType = sourcecode.swift; path = ESourceModel.swift; sourceTree = "<group>"; };
		7F5177FD242E2525009AA333 /* ERequest.swift */ = {isa = PBXFileReference; fileEncoding = 4; lastKnownFileType = sourcecode.swift; path = ERequest.swift; sourceTree = "<group>"; };
		7F5213CD2432AE1800D38137 /* SideMenuController.swift */ = {isa = PBXFileReference; lastKnownFileType = sourcecode.swift; path = SideMenuController.swift; sourceTree = "<group>"; };
		7F5213CF2432B44A00D38137 /* ContainerController.swift */ = {isa = PBXFileReference; lastKnownFileType = sourcecode.swift; path = ContainerController.swift; sourceTree = "<group>"; };
		7F5213D12432BB4E00D38137 /* Protocols.swift */ = {isa = PBXFileReference; lastKnownFileType = sourcecode.swift; path = Protocols.swift; sourceTree = "<group>"; };
		7F5382ED24567BA0009A54CF /* NewsViewModel.swift */ = {isa = PBXFileReference; lastKnownFileType = sourcecode.swift; path = NewsViewModel.swift; sourceTree = "<group>"; };
		7F5382F124567CC4009A54CF /* EverythingPresentation.swift */ = {isa = PBXFileReference; lastKnownFileType = sourcecode.swift; path = EverythingPresentation.swift; sourceTree = "<group>"; };
		7F5382F324568071009A54CF /* TopHeadlinePresentation.swift */ = {isa = PBXFileReference; lastKnownFileType = sourcecode.swift; path = TopHeadlinePresentation.swift; sourceTree = "<group>"; };
		7F55F49024143AEB0027ADAC /* SectionsHeaderController.swift */ = {isa = PBXFileReference; lastKnownFileType = sourcecode.swift; path = SectionsHeaderController.swift; sourceTree = "<group>"; };
		7F55F49224143B7C0027ADAC /* SectionsHeaderCell.swift */ = {isa = PBXFileReference; lastKnownFileType = sourcecode.swift; path = SectionsHeaderCell.swift; sourceTree = "<group>"; };
		7F55F49424143BC40027ADAC /* SectionsCell.swift */ = {isa = PBXFileReference; lastKnownFileType = sourcecode.swift; path = SectionsCell.swift; sourceTree = "<group>"; };
		7F55F49624143E4F0027ADAC /* SectionsPageHeader.swift */ = {isa = PBXFileReference; lastKnownFileType = sourcecode.swift; path = SectionsPageHeader.swift; sourceTree = "<group>"; };
		7F55F49824143F2E0027ADAC /* BaseListController.swift */ = {isa = PBXFileReference; lastKnownFileType = sourcecode.swift; path = BaseListController.swift; sourceTree = "<group>"; };
		7F55F49B241440A60027ADAC /* Extensions.swift */ = {isa = PBXFileReference; fileEncoding = 4; lastKnownFileType = sourcecode.swift; path = Extensions.swift; sourceTree = "<group>"; };
		7F55F4A124144E050027ADAC /* String + Ext.swift */ = {isa = PBXFileReference; fileEncoding = 4; lastKnownFileType = sourcecode.swift; path = "String + Ext.swift"; sourceTree = "<group>"; };
		7F55F4A224144E050027ADAC /* Date+Ext.swift */ = {isa = PBXFileReference; fileEncoding = 4; lastKnownFileType = sourcecode.swift; path = "Date+Ext.swift"; sourceTree = "<group>"; };
		7F5778D92434F64600012A9E /* SideMenuCell.swift */ = {isa = PBXFileReference; lastKnownFileType = sourcecode.swift; path = SideMenuCell.swift; sourceTree = "<group>"; };
		7F5778DC243500D700012A9E /* Sources.swift */ = {isa = PBXFileReference; fileEncoding = 4; lastKnownFileType = sourcecode.swift; path = Sources.swift; sourceTree = "<group>"; };
		7F5778DD243500D700012A9E /* SourcesModel.swift */ = {isa = PBXFileReference; fileEncoding = 4; lastKnownFileType = sourcecode.swift; path = SourcesModel.swift; sourceTree = "<group>"; };
		7F5778E02435017400012A9E /* SRequest.swift */ = {isa = PBXFileReference; fileEncoding = 4; lastKnownFileType = sourcecode.swift; path = SRequest.swift; sourceTree = "<group>"; };
		7F5778E224352A3D00012A9E /* ExpandedSources.swift */ = {isa = PBXFileReference; lastKnownFileType = sourcecode.swift; path = ExpandedSources.swift; sourceTree = "<group>"; };
		7F5F6C46243A77C500CFBB99 /* SourcesViewController.swift */ = {isa = PBXFileReference; lastKnownFileType = sourcecode.swift; path = SourcesViewController.swift; sourceTree = "<group>"; };
		7F6044EB2438CAAE00883085 /* NewsViewController.swift */ = {isa = PBXFileReference; lastKnownFileType = sourcecode.swift; path = NewsViewController.swift; sourceTree = "<group>"; };
		7F6044EE2438CEA800883085 /* NewsPageHeader.swift */ = {isa = PBXFileReference; lastKnownFileType = sourcecode.swift; path = NewsPageHeader.swift; sourceTree = "<group>"; };
		7F6044F02438CEBE00883085 /* NewsHeaderController.swift */ = {isa = PBXFileReference; lastKnownFileType = sourcecode.swift; path = NewsHeaderController.swift; sourceTree = "<group>"; };
		7F6044F224390CB300883085 /* CategoriesViewController.swift */ = {isa = PBXFileReference; lastKnownFileType = sourcecode.swift; path = CategoriesViewController.swift; sourceTree = "<group>"; };
		7F6044F424390E8300883085 /* CategoriesCell.swift */ = {isa = PBXFileReference; lastKnownFileType = sourcecode.swift; path = CategoriesCell.swift; sourceTree = "<group>"; };
		7F64AA57243B78C00005A967 /* Constants.swift */ = {isa = PBXFileReference; lastKnownFileType = sourcecode.swift; path = Constants.swift; sourceTree = "<group>"; };
		7F67138F2466C72D00C565BB /* FeaturedViewModel.swift */ = {isa = PBXFileReference; lastKnownFileType = sourcecode.swift; path = FeaturedViewModel.swift; sourceTree = "<group>"; };
		7F6713972466E8DE00C565BB /* BusinessViewModel.swift */ = {isa = PBXFileReference; lastKnownFileType = sourcecode.swift; path = BusinessViewModel.swift; sourceTree = "<group>"; };
		7F6713992466ED4500C565BB /* SectionsViewModelType.swift */ = {isa = PBXFileReference; lastKnownFileType = sourcecode.swift; path = SectionsViewModelType.swift; sourceTree = "<group>"; };
		7F67139B2466ED9600C565BB /* SportsViewModel.swift */ = {isa = PBXFileReference; lastKnownFileType = sourcecode.swift; path = SportsViewModel.swift; sourceTree = "<group>"; };
		7F67139D2466EDDD00C565BB /* TechnologyViewModel.swift */ = {isa = PBXFileReference; lastKnownFileType = sourcecode.swift; path = TechnologyViewModel.swift; sourceTree = "<group>"; };
		7F67139F2466EE1500C565BB /* ScienceViewModel.swift */ = {isa = PBXFileReference; lastKnownFileType = sourcecode.swift; path = ScienceViewModel.swift; sourceTree = "<group>"; };
		7F6713A12466EE4C00C565BB /* EntertainmentViewModel.swift */ = {isa = PBXFileReference; lastKnownFileType = sourcecode.swift; path = EntertainmentViewModel.swift; sourceTree = "<group>"; };
		7F6713A32466EE7C00C565BB /* HealthViewModel.swift */ = {isa = PBXFileReference; lastKnownFileType = sourcecode.swift; path = HealthViewModel.swift; sourceTree = "<group>"; };
		7F6713A52466FF0000C565BB /* CategoriesViewModel.swift */ = {isa = PBXFileReference; lastKnownFileType = sourcecode.swift; path = CategoriesViewModel.swift; sourceTree = "<group>"; };
		823007898313925D3D27C3A9 /* Pods_DailyNews.framework */ = {isa = PBXFileReference; explicitFileType = wrapper.framework; includeInIndex = 0; path = Pods_DailyNews.framework; sourceTree = BUILT_PRODUCTS_DIR; };
		97A26C3253ECDDA84CCB453E /* Pods-DailyNews.release.xcconfig */ = {isa = PBXFileReference; includeInIndex = 1; lastKnownFileType = text.xcconfig; name = "Pods-DailyNews.release.xcconfig"; path = "Target Support Files/Pods-DailyNews/Pods-DailyNews.release.xcconfig"; sourceTree = "<group>"; };
		B75BB083E29398A8E4953F33 /* Pods-DailyNews.debug.xcconfig */ = {isa = PBXFileReference; includeInIndex = 1; lastKnownFileType = text.xcconfig; name = "Pods-DailyNews.debug.xcconfig"; path = "Target Support Files/Pods-DailyNews/Pods-DailyNews.debug.xcconfig"; sourceTree = "<group>"; };
/* End PBXFileReference section */

/* Begin PBXFrameworksBuildPhase section */
		7F1F6CD6240EF7F300B23C4B /* Frameworks */ = {
			isa = PBXFrameworksBuildPhase;
			buildActionMask = 2147483647;
			files = (
				840B1988B5C7E9CF2B8B06DC /* Pods_DailyNews.framework in Frameworks */,
			);
			runOnlyForDeploymentPostprocessing = 0;
		};
/* End PBXFrameworksBuildPhase section */

/* Begin PBXGroup section */
		481FCE2A2016A5557FEC376F /* Pods */ = {
			isa = PBXGroup;
			children = (
				B75BB083E29398A8E4953F33 /* Pods-DailyNews.debug.xcconfig */,
				97A26C3253ECDDA84CCB453E /* Pods-DailyNews.release.xcconfig */,
			);
			path = Pods;
			sourceTree = "<group>";
		};
		7F1F6CD0240EF7F300B23C4B = {
			isa = PBXGroup;
			children = (
				7F1F6CDB240EF7F300B23C4B /* DailyNews */,
				7F1F6CDA240EF7F300B23C4B /* Products */,
				481FCE2A2016A5557FEC376F /* Pods */,
				A4A1445260BFE526C9C22EEC /* Frameworks */,
			);
			sourceTree = "<group>";
		};
		7F1F6CDA240EF7F300B23C4B /* Products */ = {
			isa = PBXGroup;
			children = (
				7F1F6CD9240EF7F300B23C4B /* DailyNews.app */,
			);
			name = Products;
			sourceTree = "<group>";
		};
		7F1F6CDB240EF7F300B23C4B /* DailyNews */ = {
			isa = PBXGroup;
			children = (
				7F5382EF24567C73009A54CF /* Commons */,
				7F55F49A241440780027ADAC /* Helpers */,
				7F42DD0D2412E5BC0002D2DE /* Networking */,
				7F42DD0A2412E5A00002D2DE /* Model */,
				7F1F6CEA240EF7F600B23C4B /* Info.plist */,
				7F1F6CF5240EF95D00B23C4B /* System */,
				7F5382E42456788B009A54CF /* Screens */,
			);
			path = DailyNews;
			sourceTree = "<group>";
		};
		7F1F6CF0240EF8E400B23C4B /* ViewControllers */ = {
			isa = PBXGroup;
			children = (
				7F4D0FA8243BAD990065BEE2 /* SideMenu */,
				7F1F6CF3240EF93A00B23C4B /* SearchNewsController.swift */,
			);
			path = ViewControllers;
			sourceTree = "<group>";
		};
		7F1F6CF5240EF95D00B23C4B /* System */ = {
			isa = PBXGroup;
			children = (
				7F1F6CDC240EF7F300B23C4B /* AppDelegate.swift */,
				7F1F6CDE240EF7F300B23C4B /* SceneDelegate.swift */,
				7F1F6CE5240EF7F600B23C4B /* Assets.xcassets */,
				7F1F6CE7240EF7F600B23C4B /* LaunchScreen.storyboard */,
			);
			path = System;
			sourceTree = "<group>";
		};
		7F2E9DD7241D671F0039F6C0 /* SectionCells */ = {
			isa = PBXGroup;
			children = (
				7F55F49024143AEB0027ADAC /* SectionsHeaderController.swift */,
				7F55F49224143B7C0027ADAC /* SectionsHeaderCell.swift */,
				7F55F49424143BC40027ADAC /* SectionsCell.swift */,
				7F55F49624143E4F0027ADAC /* SectionsPageHeader.swift */,
			);
			path = SectionCells;
			sourceTree = "<group>";
		};
		7F42DD0A2412E5A00002D2DE /* Model */ = {
			isa = PBXGroup;
			children = (
				7F42DD0B2412E5A80002D2DE /* Responses */,
				7F42DD0C2412E5AE0002D2DE /* Requests */,
			);
			path = Model;
			sourceTree = "<group>";
		};
		7F42DD0B2412E5A80002D2DE /* Responses */ = {
			isa = PBXGroup;
			children = (
				7F5778DB243500AD00012A9E /* SourcesResponses */,
				7F5177FF242E2530009AA333 /* EverythingResponses */,
				7F517800242E253D009AA333 /* TopHeadlineResponses */,
			);
			path = Responses;
			sourceTree = "<group>";
		};
		7F42DD0C2412E5AE0002D2DE /* Requests */ = {
			isa = PBXGroup;
			children = (
				7F5778E02435017400012A9E /* SRequest.swift */,
				7F5177FD242E2525009AA333 /* ERequest.swift */,
				7F42DD022412E5720002D2DE /* THRequest.swift */,
			);
			path = Requests;
			sourceTree = "<group>";
		};
		7F42DD0D2412E5BC0002D2DE /* Networking */ = {
			isa = PBXGroup;
			children = (
				7F42DD102412E5E40002D2DE /* EndPointType.swift */,
				7F42DD0E2412E5E40002D2DE /* NewsService.swift */,
			);
			path = Networking;
			sourceTree = "<group>";
		};
		7F4D0FA8243BAD990065BEE2 /* SideMenu */ = {
			isa = PBXGroup;
			children = (
				7F5F6C46243A77C500CFBB99 /* SourcesViewController.swift */,
				7F1F6CE0240EF7F300B23C4B /* TabBarController.swift */,
				7F5213CD2432AE1800D38137 /* SideMenuController.swift */,
				7F5213CF2432B44A00D38137 /* ContainerController.swift */,
			);
			path = SideMenu;
			sourceTree = "<group>";
		};
		7F5177F2242DFA0C009AA333 /* SearchCells */ = {
			isa = PBXGroup;
			children = (
				7F5177F3242DFA1C009AA333 /* SearchCell.swift */,
			);
			path = SearchCells;
			sourceTree = "<group>";
		};
		7F5177FF242E2530009AA333 /* EverythingResponses */ = {
			isa = PBXGroup;
			children = (
				7F5177F7242E2515009AA333 /* ENewsModel.swift */,
				7F5177F8242E2515009AA333 /* EArticleModel.swift */,
				7F5177F9242E2515009AA333 /* ESourceModel.swift */,
				7F0F9D54245E92540023D24A /* ENewsArticlesRepsonses.swift */,
			);
			path = EverythingResponses;
			sourceTree = "<group>";
		};
		7F517800242E253D009AA333 /* TopHeadlineResponses */ = {
			isa = PBXGroup;
			children = (
				7F42DD052412E5990002D2DE /* THArticleModel.swift */,
				7F42DD062412E5990002D2DE /* THNewsModel.swift */,
				7F42DD042412E5990002D2DE /* THSourceModel.swift */,
			);
			path = TopHeadlineResponses;
			sourceTree = "<group>";
		};
		7F5382E42456788B009A54CF /* Screens */ = {
			isa = PBXGroup;
			children = (
				7F5382E92456798B009A54CF /* Main */,
				7F5382EA24567A4B009A54CF /* Categories */,
				7F5382EB24567A58009A54CF /* Search */,
				7F5382EC24567A62009A54CF /* SideMenu */,
				7F1F6CF0240EF8E400B23C4B /* ViewControllers */,
				7F55F48F24143ACA0027ADAC /* CustomViews */,
			);
			path = Screens;
			sourceTree = "<group>";
		};
		7F5382E5245678BF009A54CF /* Cells */ = {
			isa = PBXGroup;
			children = (
				7F6044ED2438CE4C00883085 /* FeedCells */,
				7F5177F2242DFA0C009AA333 /* SearchCells */,
				7F2E9DD7241D671F0039F6C0 /* SectionCells */,
				7F5382E6245678D0009A54CF /* SideMenuCells */,
				7F5382E72456794D009A54CF /* CategoriesCells */,
			);
			path = Cells;
			sourceTree = "<group>";
		};
		7F5382E6245678D0009A54CF /* SideMenuCells */ = {
			isa = PBXGroup;
			children = (
				7F5778D92434F64600012A9E /* SideMenuCell.swift */,
			);
			path = SideMenuCells;
			sourceTree = "<group>";
		};
		7F5382E72456794D009A54CF /* CategoriesCells */ = {
			isa = PBXGroup;
			children = (
				7F6044F424390E8300883085 /* CategoriesCell.swift */,
			);
			path = CategoriesCells;
			sourceTree = "<group>";
		};
		7F5382E92456798B009A54CF /* Main */ = {
			isa = PBXGroup;
			children = (
				7F5FD35C2465896900C18171 /* Header */,
				7F6044EB2438CAAE00883085 /* NewsViewController.swift */,
				7F5382ED24567BA0009A54CF /* NewsViewModel.swift */,
			);
			path = Main;
			sourceTree = "<group>";
		};
		7F5382EA24567A4B009A54CF /* Categories */ = {
			isa = PBXGroup;
			children = (
				7F6044F224390CB300883085 /* CategoriesViewController.swift */,
				7F6713A52466FF0000C565BB /* CategoriesViewModel.swift */,
				7F67138E2466C71A00C565BB /* Featured */,
				7F6713912466E85D00C565BB /* Business */,
				7F6713922466E8B600C565BB /* Sports */,
				7F6713932466E8BB00C565BB /* Technology */,
				7F6713942466E8C500C565BB /* Science */,
				7F6713952466E8CA00C565BB /* Entertainment */,
				7F6713962466E8CF00C565BB /* Health */,
			);
			path = Categories;
			sourceTree = "<group>";
		};
		7F5382EB24567A58009A54CF /* Search */ = {
			isa = PBXGroup;
			children = (
			);
			path = Search;
			sourceTree = "<group>";
		};
		7F5382EC24567A62009A54CF /* SideMenu */ = {
			isa = PBXGroup;
			children = (
			);
			path = SideMenu;
			sourceTree = "<group>";
		};
		7F5382EF24567C73009A54CF /* Commons */ = {
			isa = PBXGroup;
			children = (
				7F6713992466ED4500C565BB /* SectionsViewModelType.swift */,
				7F5382F024567C7A009A54CF /* Presentations */,
			);
			path = Commons;
			sourceTree = "<group>";
		};
		7F5382F024567C7A009A54CF /* Presentations */ = {
			isa = PBXGroup;
			children = (
				7F5382F124567CC4009A54CF /* EverythingPresentation.swift */,
				7F5382F324568071009A54CF /* TopHeadlinePresentation.swift */,
			);
			path = Presentations;
			sourceTree = "<group>";
		};
		7F55F48F24143ACA0027ADAC /* CustomViews */ = {
			isa = PBXGroup;
			children = (
				7F5382E5245678BF009A54CF /* Cells */,
			);
			path = CustomViews;
			sourceTree = "<group>";
		};
		7F55F49A241440780027ADAC /* Helpers */ = {
			isa = PBXGroup;
			children = (
				7F55F4A224144E050027ADAC /* Date+Ext.swift */,
				7F55F4A124144E050027ADAC /* String + Ext.swift */,
				7F55F49B241440A60027ADAC /* Extensions.swift */,
				7F5177F0242DF7DD009AA333 /* UIHelper.swift */,
				7F5213D12432BB4E00D38137 /* Protocols.swift */,
				7F64AA57243B78C00005A967 /* Constants.swift */,
				7F55F49824143F2E0027ADAC /* BaseListController.swift */,
				7F48A6F02463660F001F55C7 /* ActivityIndicator.swift */,
			);
			path = Helpers;
			sourceTree = "<group>";
		};
		7F5778DB243500AD00012A9E /* SourcesResponses */ = {
			isa = PBXGroup;
			children = (
				7F5778DD243500D700012A9E /* SourcesModel.swift */,
				7F5778DC243500D700012A9E /* Sources.swift */,
				7F5778E224352A3D00012A9E /* ExpandedSources.swift */,
			);
			path = SourcesResponses;
			sourceTree = "<group>";
		};
		7F5FD35C2465896900C18171 /* Header */ = {
			isa = PBXGroup;
			children = (
				7F6044F02438CEBE00883085 /* NewsHeaderController.swift */,
				7F0F9D50245E720A0023D24A /* NewsHeaderViewModel.swift */,
			);
			path = Header;
			sourceTree = "<group>";
		};
		7F6044ED2438CE4C00883085 /* FeedCells */ = {
			isa = PBXGroup;
			children = (
				7F6044EE2438CEA800883085 /* NewsPageHeader.swift */,
			);
			path = FeedCells;
			sourceTree = "<group>";
		};
		7F67138E2466C71A00C565BB /* Featured */ = {
			isa = PBXGroup;
			children = (
				7F1F6CF1240EF90900B23C4B /* FeaturedCategoryController.swift */,
				7F67138F2466C72D00C565BB /* FeaturedViewModel.swift */,
			);
			path = Featured;
			sourceTree = "<group>";
		};
		7F6713912466E85D00C565BB /* Business */ = {
			isa = PBXGroup;
			children = (
				7F2E9DCF241D65080039F6C0 /* BusinessCategoryController.swift */,
				7F6713972466E8DE00C565BB /* BusinessViewModel.swift */,
			);
			path = Business;
			sourceTree = "<group>";
		};
		7F6713922466E8B600C565BB /* Sports */ = {
			isa = PBXGroup;
			children = (
				7F2E9DCD241D64E80039F6C0 /* SportsCategoryController.swift */,
				7F67139B2466ED9600C565BB /* SportsViewModel.swift */,
			);
			path = Sports;
			sourceTree = "<group>";
		};
		7F6713932466E8BB00C565BB /* Technology */ = {
			isa = PBXGroup;
			children = (
				7F2E9DD1241D65260039F6C0 /* TechnologyCategoryController.swift */,
				7F67139D2466EDDD00C565BB /* TechnologyViewModel.swift */,
			);
			path = Technology;
			sourceTree = "<group>";
		};
		7F6713942466E8C500C565BB /* Science */ = {
			isa = PBXGroup;
			children = (
				7F2E9DD3241D654A0039F6C0 /* ScienceCategoryController.swift */,
				7F67139F2466EE1500C565BB /* ScienceViewModel.swift */,
			);
			path = Science;
			sourceTree = "<group>";
		};
		7F6713952466E8CA00C565BB /* Entertainment */ = {
			isa = PBXGroup;
			children = (
				7F2E9DD5241D657B0039F6C0 /* EntertainmentCategoryController.swift */,
				7F6713A12466EE4C00C565BB /* EntertainmentViewModel.swift */,
			);
			path = Entertainment;
			sourceTree = "<group>";
		};
		7F6713962466E8CF00C565BB /* Health */ = {
			isa = PBXGroup;
			children = (
				7F2E9DCB241D64980039F6C0 /* HealthCategoryController.swift */,
				7F6713A32466EE7C00C565BB /* HealthViewModel.swift */,
			);
			path = Health;
			sourceTree = "<group>";
		};
		A4A1445260BFE526C9C22EEC /* Frameworks */ = {
			isa = PBXGroup;
			children = (
				823007898313925D3D27C3A9 /* Pods_DailyNews.framework */,
			);
			name = Frameworks;
			sourceTree = "<group>";
		};
/* End PBXGroup section */

/* Begin PBXNativeTarget section */
		7F1F6CD8240EF7F300B23C4B /* DailyNews */ = {
			isa = PBXNativeTarget;
			buildConfigurationList = 7F1F6CED240EF7F600B23C4B /* Build configuration list for PBXNativeTarget "DailyNews" */;
			buildPhases = (
				EB39728F3B5F8792287A764A /* [CP] Check Pods Manifest.lock */,
				7F1F6CD5240EF7F300B23C4B /* Sources */,
				7F1F6CD6240EF7F300B23C4B /* Frameworks */,
				7F1F6CD7240EF7F300B23C4B /* Resources */,
				FA9157857AF8C71FE623B981 /* [CP] Embed Pods Frameworks */,
			);
			buildRules = (
			);
			dependencies = (
			);
			name = DailyNews;
			productName = DailyNews;
			productReference = 7F1F6CD9240EF7F300B23C4B /* DailyNews.app */;
			productType = "com.apple.product-type.application";
		};
/* End PBXNativeTarget section */

/* Begin PBXProject section */
		7F1F6CD1240EF7F300B23C4B /* Project object */ = {
			isa = PBXProject;
			attributes = {
				LastSwiftUpdateCheck = 1130;
				LastUpgradeCheck = 1130;
				ORGANIZATIONNAME = "Latif Atci";
				TargetAttributes = {
					7F1F6CD8240EF7F300B23C4B = {
						CreatedOnToolsVersion = 11.3.1;
					};
				};
			};
			buildConfigurationList = 7F1F6CD4240EF7F300B23C4B /* Build configuration list for PBXProject "DailyNews" */;
			compatibilityVersion = "Xcode 9.3";
			developmentRegion = en;
			hasScannedForEncodings = 0;
			knownRegions = (
				en,
				Base,
			);
			mainGroup = 7F1F6CD0240EF7F300B23C4B;
			productRefGroup = 7F1F6CDA240EF7F300B23C4B /* Products */;
			projectDirPath = "";
			projectRoot = "";
			targets = (
				7F1F6CD8240EF7F300B23C4B /* DailyNews */,
			);
		};
/* End PBXProject section */

/* Begin PBXResourcesBuildPhase section */
		7F1F6CD7240EF7F300B23C4B /* Resources */ = {
			isa = PBXResourcesBuildPhase;
			buildActionMask = 2147483647;
			files = (
				7F1F6CE9240EF7F600B23C4B /* LaunchScreen.storyboard in Resources */,
				7F1F6CE6240EF7F600B23C4B /* Assets.xcassets in Resources */,
			);
			runOnlyForDeploymentPostprocessing = 0;
		};
/* End PBXResourcesBuildPhase section */

/* Begin PBXShellScriptBuildPhase section */
		EB39728F3B5F8792287A764A /* [CP] Check Pods Manifest.lock */ = {
			isa = PBXShellScriptBuildPhase;
			buildActionMask = 2147483647;
			files = (
			);
			inputFileListPaths = (
			);
			inputPaths = (
				"${PODS_PODFILE_DIR_PATH}/Podfile.lock",
				"${PODS_ROOT}/Manifest.lock",
			);
			name = "[CP] Check Pods Manifest.lock";
			outputFileListPaths = (
			);
			outputPaths = (
				"$(DERIVED_FILE_DIR)/Pods-DailyNews-checkManifestLockResult.txt",
			);
			runOnlyForDeploymentPostprocessing = 0;
			shellPath = /bin/sh;
			shellScript = "diff \"${PODS_PODFILE_DIR_PATH}/Podfile.lock\" \"${PODS_ROOT}/Manifest.lock\" > /dev/null\nif [ $? != 0 ] ; then\n    # print error to STDERR\n    echo \"error: The sandbox is not in sync with the Podfile.lock. Run 'pod install' or update your CocoaPods installation.\" >&2\n    exit 1\nfi\n# This output is used by Xcode 'outputs' to avoid re-running this script phase.\necho \"SUCCESS\" > \"${SCRIPT_OUTPUT_FILE_0}\"\n";
			showEnvVarsInLog = 0;
		};
		FA9157857AF8C71FE623B981 /* [CP] Embed Pods Frameworks */ = {
			isa = PBXShellScriptBuildPhase;
			buildActionMask = 2147483647;
			files = (
			);
			inputFileListPaths = (
				"${PODS_ROOT}/Target Support Files/Pods-DailyNews/Pods-DailyNews-frameworks-${CONFIGURATION}-input-files.xcfilelist",
			);
			name = "[CP] Embed Pods Frameworks";
			outputFileListPaths = (
				"${PODS_ROOT}/Target Support Files/Pods-DailyNews/Pods-DailyNews-frameworks-${CONFIGURATION}-output-files.xcfilelist",
			);
			runOnlyForDeploymentPostprocessing = 0;
			shellPath = /bin/sh;
			shellScript = "\"${PODS_ROOT}/Target Support Files/Pods-DailyNews/Pods-DailyNews-frameworks.sh\"\n";
			showEnvVarsInLog = 0;
		};
/* End PBXShellScriptBuildPhase section */

/* Begin PBXSourcesBuildPhase section */
		7F1F6CD5240EF7F300B23C4B /* Sources */ = {
			isa = PBXSourcesBuildPhase;
			buildActionMask = 2147483647;
			files = (
				7F1F6CE1240EF7F300B23C4B /* TabBarController.swift in Sources */,
				7F5213CE2432AE1800D38137 /* SideMenuController.swift in Sources */,
				7F55F49724143E4F0027ADAC /* SectionsPageHeader.swift in Sources */,
				7F2E9DD6241D657B0039F6C0 /* EntertainmentCategoryController.swift in Sources */,
				7F48A6F12463660F001F55C7 /* ActivityIndicator.swift in Sources */,
				7F67139A2466ED4500C565BB /* SectionsViewModelType.swift in Sources */,
				7F6713A62466FF0000C565BB /* CategoriesViewModel.swift in Sources */,
				7F1F6CF4240EF93A00B23C4B /* SearchNewsController.swift in Sources */,
				7F55F49324143B7C0027ADAC /* SectionsHeaderCell.swift in Sources */,
				7F42DD132412E5E40002D2DE /* EndPointType.swift in Sources */,
				7F5213D02432B44A00D38137 /* ContainerController.swift in Sources */,
				7F5382F224567CC4009A54CF /* EverythingPresentation.swift in Sources */,
				7F2E9DD2241D65260039F6C0 /* TechnologyCategoryController.swift in Sources */,
				7F5778E12435017400012A9E /* SRequest.swift in Sources */,
				7F5213D22432BB4E00D38137 /* Protocols.swift in Sources */,
				7F1F6CDD240EF7F300B23C4B /* AppDelegate.swift in Sources */,
				7F5382F424568071009A54CF /* TopHeadlinePresentation.swift in Sources */,
				7F55F49524143BC40027ADAC /* SectionsCell.swift in Sources */,
				7F42DD032412E5720002D2DE /* THRequest.swift in Sources */,
				7F2E9DD0241D65080039F6C0 /* BusinessCategoryController.swift in Sources */,
				7F6044EC2438CAAE00883085 /* NewsViewController.swift in Sources */,
				7F42DD112412E5E40002D2DE /* NewsService.swift in Sources */,
				7F0F9D55245E92540023D24A /* ENewsArticlesRepsonses.swift in Sources */,
				7F5177FB242E2515009AA333 /* EArticleModel.swift in Sources */,
				7F42DD082412E5990002D2DE /* THArticleModel.swift in Sources */,
				7F5778DE243500D700012A9E /* Sources.swift in Sources */,
				7F6713A02466EE1500C565BB /* ScienceViewModel.swift in Sources */,
				7F0F9D51245E720A0023D24A /* NewsHeaderViewModel.swift in Sources */,
				7F42DD072412E5990002D2DE /* THSourceModel.swift in Sources */,
				7F5778DF243500D700012A9E /* SourcesModel.swift in Sources */,
				7F2E9DD4241D654A0039F6C0 /* ScienceCategoryController.swift in Sources */,
				7F6713982466E8DE00C565BB /* BusinessViewModel.swift in Sources */,
				7F64AA58243B78C00005A967 /* Constants.swift in Sources */,
				7F67139E2466EDDD00C565BB /* TechnologyViewModel.swift in Sources */,
				7F5177F4242DFA1C009AA333 /* SearchCell.swift in Sources */,
				7F42DD092412E5990002D2DE /* THNewsModel.swift in Sources */,
				7F2E9DCC241D64980039F6C0 /* HealthCategoryController.swift in Sources */,
				7F55F4A424144E050027ADAC /* Date+Ext.swift in Sources */,
				7F6713902466C72D00C565BB /* FeaturedViewModel.swift in Sources */,
				7F6713A22466EE4C00C565BB /* EntertainmentViewModel.swift in Sources */,
				7F5778E324352A3D00012A9E /* ExpandedSources.swift in Sources */,
				7F6044EF2438CEA800883085 /* NewsPageHeader.swift in Sources */,
				7F55F4A324144E050027ADAC /* String + Ext.swift in Sources */,
				7F67139C2466ED9600C565BB /* SportsViewModel.swift in Sources */,
				7F5177FA242E2515009AA333 /* ESourceModel.swift in Sources */,
				7F5177FE242E2525009AA333 /* ERequest.swift in Sources */,
				7F6044F524390E8300883085 /* CategoriesCell.swift in Sources */,
				7F1F6CF2240EF90900B23C4B /* FeaturedCategoryController.swift in Sources */,
				7F6044F12438CEBE00883085 /* NewsHeaderController.swift in Sources */,
				7F1F6CDF240EF7F300B23C4B /* SceneDelegate.swift in Sources */,
				7F5177FC242E2515009AA333 /* ENewsModel.swift in Sources */,
				7F5177F1242DF7DD009AA333 /* UIHelper.swift in Sources */,
				7F55F49E241440A60027ADAC /* Extensions.swift in Sources */,
				7F5F6C47243A77C500CFBB99 /* SourcesViewController.swift in Sources */,
				7F5382EE24567BA0009A54CF /* NewsViewModel.swift in Sources */,
				7F2E9DCE241D64E80039F6C0 /* SportsCategoryController.swift in Sources */,
				7F5778DA2434F64600012A9E /* SideMenuCell.swift in Sources */,
				7F55F49924143F2E0027ADAC /* BaseListController.swift in Sources */,
				7F6044F324390CB300883085 /* CategoriesViewController.swift in Sources */,
				7F6713A42466EE7C00C565BB /* HealthViewModel.swift in Sources */,
				7F55F49124143AEB0027ADAC /* SectionsHeaderController.swift in Sources */,
			);
			runOnlyForDeploymentPostprocessing = 0;
		};
/* End PBXSourcesBuildPhase section */

/* Begin PBXVariantGroup section */
		7F1F6CE7240EF7F600B23C4B /* LaunchScreen.storyboard */ = {
			isa = PBXVariantGroup;
			children = (
				7F1F6CE8240EF7F600B23C4B /* Base */,
			);
			name = LaunchScreen.storyboard;
			sourceTree = "<group>";
		};
/* End PBXVariantGroup section */

/* Begin XCBuildConfiguration section */
		7F1F6CEB240EF7F600B23C4B /* Debug */ = {
			isa = XCBuildConfiguration;
			buildSettings = {
				ALWAYS_SEARCH_USER_PATHS = NO;
				CLANG_ANALYZER_NONNULL = YES;
				CLANG_ANALYZER_NUMBER_OBJECT_CONVERSION = YES_AGGRESSIVE;
				CLANG_CXX_LANGUAGE_STANDARD = "gnu++14";
				CLANG_CXX_LIBRARY = "libc++";
				CLANG_ENABLE_MODULES = YES;
				CLANG_ENABLE_OBJC_ARC = YES;
				CLANG_ENABLE_OBJC_WEAK = YES;
				CLANG_WARN_BLOCK_CAPTURE_AUTORELEASING = YES;
				CLANG_WARN_BOOL_CONVERSION = YES;
				CLANG_WARN_COMMA = YES;
				CLANG_WARN_CONSTANT_CONVERSION = YES;
				CLANG_WARN_DEPRECATED_OBJC_IMPLEMENTATIONS = YES;
				CLANG_WARN_DIRECT_OBJC_ISA_USAGE = YES_ERROR;
				CLANG_WARN_DOCUMENTATION_COMMENTS = YES;
				CLANG_WARN_EMPTY_BODY = YES;
				CLANG_WARN_ENUM_CONVERSION = YES;
				CLANG_WARN_INFINITE_RECURSION = YES;
				CLANG_WARN_INT_CONVERSION = YES;
				CLANG_WARN_NON_LITERAL_NULL_CONVERSION = YES;
				CLANG_WARN_OBJC_IMPLICIT_RETAIN_SELF = YES;
				CLANG_WARN_OBJC_LITERAL_CONVERSION = YES;
				CLANG_WARN_OBJC_ROOT_CLASS = YES_ERROR;
				CLANG_WARN_RANGE_LOOP_ANALYSIS = YES;
				CLANG_WARN_STRICT_PROTOTYPES = YES;
				CLANG_WARN_SUSPICIOUS_MOVE = YES;
				CLANG_WARN_UNGUARDED_AVAILABILITY = YES_AGGRESSIVE;
				CLANG_WARN_UNREACHABLE_CODE = YES;
				CLANG_WARN__DUPLICATE_METHOD_MATCH = YES;
				COPY_PHASE_STRIP = NO;
				DEBUG_INFORMATION_FORMAT = dwarf;
				ENABLE_STRICT_OBJC_MSGSEND = YES;
				ENABLE_TESTABILITY = YES;
				GCC_C_LANGUAGE_STANDARD = gnu11;
				GCC_DYNAMIC_NO_PIC = NO;
				GCC_NO_COMMON_BLOCKS = YES;
				GCC_OPTIMIZATION_LEVEL = 0;
				GCC_PREPROCESSOR_DEFINITIONS = (
					"DEBUG=1",
					"$(inherited)",
				);
				GCC_WARN_64_TO_32_BIT_CONVERSION = YES;
				GCC_WARN_ABOUT_RETURN_TYPE = YES_ERROR;
				GCC_WARN_UNDECLARED_SELECTOR = YES;
				GCC_WARN_UNINITIALIZED_AUTOS = YES_AGGRESSIVE;
				GCC_WARN_UNUSED_FUNCTION = YES;
				GCC_WARN_UNUSED_VARIABLE = YES;
				IPHONEOS_DEPLOYMENT_TARGET = 13.2;
				MTL_ENABLE_DEBUG_INFO = INCLUDE_SOURCE;
				MTL_FAST_MATH = YES;
				ONLY_ACTIVE_ARCH = YES;
				SDKROOT = iphoneos;
				SWIFT_ACTIVE_COMPILATION_CONDITIONS = DEBUG;
				SWIFT_OPTIMIZATION_LEVEL = "-Onone";
			};
			name = Debug;
		};
		7F1F6CEC240EF7F600B23C4B /* Release */ = {
			isa = XCBuildConfiguration;
			buildSettings = {
				ALWAYS_SEARCH_USER_PATHS = NO;
				CLANG_ANALYZER_NONNULL = YES;
				CLANG_ANALYZER_NUMBER_OBJECT_CONVERSION = YES_AGGRESSIVE;
				CLANG_CXX_LANGUAGE_STANDARD = "gnu++14";
				CLANG_CXX_LIBRARY = "libc++";
				CLANG_ENABLE_MODULES = YES;
				CLANG_ENABLE_OBJC_ARC = YES;
				CLANG_ENABLE_OBJC_WEAK = YES;
				CLANG_WARN_BLOCK_CAPTURE_AUTORELEASING = YES;
				CLANG_WARN_BOOL_CONVERSION = YES;
				CLANG_WARN_COMMA = YES;
				CLANG_WARN_CONSTANT_CONVERSION = YES;
				CLANG_WARN_DEPRECATED_OBJC_IMPLEMENTATIONS = YES;
				CLANG_WARN_DIRECT_OBJC_ISA_USAGE = YES_ERROR;
				CLANG_WARN_DOCUMENTATION_COMMENTS = YES;
				CLANG_WARN_EMPTY_BODY = YES;
				CLANG_WARN_ENUM_CONVERSION = YES;
				CLANG_WARN_INFINITE_RECURSION = YES;
				CLANG_WARN_INT_CONVERSION = YES;
				CLANG_WARN_NON_LITERAL_NULL_CONVERSION = YES;
				CLANG_WARN_OBJC_IMPLICIT_RETAIN_SELF = YES;
				CLANG_WARN_OBJC_LITERAL_CONVERSION = YES;
				CLANG_WARN_OBJC_ROOT_CLASS = YES_ERROR;
				CLANG_WARN_RANGE_LOOP_ANALYSIS = YES;
				CLANG_WARN_STRICT_PROTOTYPES = YES;
				CLANG_WARN_SUSPICIOUS_MOVE = YES;
				CLANG_WARN_UNGUARDED_AVAILABILITY = YES_AGGRESSIVE;
				CLANG_WARN_UNREACHABLE_CODE = YES;
				CLANG_WARN__DUPLICATE_METHOD_MATCH = YES;
				COPY_PHASE_STRIP = NO;
				DEBUG_INFORMATION_FORMAT = "dwarf-with-dsym";
				ENABLE_NS_ASSERTIONS = NO;
				ENABLE_STRICT_OBJC_MSGSEND = YES;
				GCC_C_LANGUAGE_STANDARD = gnu11;
				GCC_NO_COMMON_BLOCKS = YES;
				GCC_WARN_64_TO_32_BIT_CONVERSION = YES;
				GCC_WARN_ABOUT_RETURN_TYPE = YES_ERROR;
				GCC_WARN_UNDECLARED_SELECTOR = YES;
				GCC_WARN_UNINITIALIZED_AUTOS = YES_AGGRESSIVE;
				GCC_WARN_UNUSED_FUNCTION = YES;
				GCC_WARN_UNUSED_VARIABLE = YES;
				IPHONEOS_DEPLOYMENT_TARGET = 13.2;
				MTL_ENABLE_DEBUG_INFO = NO;
				MTL_FAST_MATH = YES;
				SDKROOT = iphoneos;
				SWIFT_COMPILATION_MODE = wholemodule;
				SWIFT_OPTIMIZATION_LEVEL = "-O";
				VALIDATE_PRODUCT = YES;
			};
			name = Release;
		};
		7F1F6CEE240EF7F600B23C4B /* Debug */ = {
			isa = XCBuildConfiguration;
			baseConfigurationReference = B75BB083E29398A8E4953F33 /* Pods-DailyNews.debug.xcconfig */;
			buildSettings = {
				ASSETCATALOG_COMPILER_APPICON_NAME = AppIcon;
				CODE_SIGN_STYLE = Automatic;
				DEVELOPMENT_TEAM = BY986JF6MT;
				INFOPLIST_FILE = DailyNews/Info.plist;
				LD_RUNPATH_SEARCH_PATHS = (
					"$(inherited)",
					"@executable_path/Frameworks",
				);
				PRODUCT_BUNDLE_IDENTIFIER = com.latifatci.DailyNews1;
				PRODUCT_NAME = "$(TARGET_NAME)";
				SWIFT_VERSION = 5.0;
				TARGETED_DEVICE_FAMILY = 1;
			};
			name = Debug;
		};
		7F1F6CEF240EF7F600B23C4B /* Release */ = {
			isa = XCBuildConfiguration;
			baseConfigurationReference = 97A26C3253ECDDA84CCB453E /* Pods-DailyNews.release.xcconfig */;
			buildSettings = {
				ASSETCATALOG_COMPILER_APPICON_NAME = AppIcon;
				CODE_SIGN_STYLE = Automatic;
				DEVELOPMENT_TEAM = BY986JF6MT;
				INFOPLIST_FILE = DailyNews/Info.plist;
				LD_RUNPATH_SEARCH_PATHS = (
					"$(inherited)",
					"@executable_path/Frameworks",
				);
				PRODUCT_BUNDLE_IDENTIFIER = com.latifatci.DailyNews1;
				PRODUCT_NAME = "$(TARGET_NAME)";
				SWIFT_VERSION = 5.0;
				TARGETED_DEVICE_FAMILY = 1;
			};
			name = Release;
		};
/* End XCBuildConfiguration section */

/* Begin XCConfigurationList section */
		7F1F6CD4240EF7F300B23C4B /* Build configuration list for PBXProject "DailyNews" */ = {
			isa = XCConfigurationList;
			buildConfigurations = (
				7F1F6CEB240EF7F600B23C4B /* Debug */,
				7F1F6CEC240EF7F600B23C4B /* Release */,
			);
			defaultConfigurationIsVisible = 0;
			defaultConfigurationName = Release;
		};
		7F1F6CED240EF7F600B23C4B /* Build configuration list for PBXNativeTarget "DailyNews" */ = {
			isa = XCConfigurationList;
			buildConfigurations = (
				7F1F6CEE240EF7F600B23C4B /* Debug */,
				7F1F6CEF240EF7F600B23C4B /* Release */,
			);
			defaultConfigurationIsVisible = 0;
			defaultConfigurationName = Release;
		};
/* End XCConfigurationList section */
	};
	rootObject = 7F1F6CD1240EF7F300B23C4B /* Project object */;
}
